{
  "name": "client",
  "version": "1.0.0",
  "lockfileVersion": 1,
  "dependencies": {
    "axios": {
      "version": "0.21.1",
      "resolved": "https://registry.npmjs.org/axios/-/axios-0.21.1.tgz",
      "integrity": "sha512-JG0A7rjKMUsnKLZ5JlA8MnGs27V7hvY8IwXv+VhYrOmDeSu1Vn+tr6zPxtcFO5XhFSGrC3UmVf2u5cIS9w5dXg==",
      "dev": true
    },
    "bootstrap": {
      "version": "4.5.2",
      "resolved": "https://registry.npmjs.org/bootstrap/-/bootstrap-4.5.2.tgz",
      "integrity": "sha512-5lDdI9lzHQtFz5XGvkaAl7EZdZlgx3zp2AaIBftZ4uEBfhFZ2TEbBzKh8gsF9bR+en6ViLSkN2v3eEevETfwA==",
      "dev": true
    },
    "react": {
      "version": "17.0.2",
      "resolved": "https://registry.npmjs.org/react/-/react-17.0.2.tgz",
      "integrity": "sha512-KyZXEAg3QhqLMpG8r+Knujsl8WjcbKvKY9I4e40PC2b8OCEjVIRRF7GE0rDRnbZz4Dh/xFT5z0VRt0rPZ+klbSg==",
      "dev": true
    },
    "react-dom": {
      "version": "17.0.2",
      "resolved": "https://registry.npmjs.org/react-dom/-/react-dom-17.0.2.tgz",
      "integrity": "sha512-nSsnqS8B+BFpGPOkLSjEy72JikB6t4dV2GGRPRc+dP5fXz3WJ8kH1/J5D2KoW8xHLzH2J9oHg8P3Yw5Zw4RQ==",
      "dev": true
    }
  }
}
