{
  "name": "backend",
  "version": "1.0.0",
  "lockfileVersion": 1,
  "dependencies": {
    "express": {
      "version": "4.17.1",
      "resolved": "https://registry.npmjs.org/express/-/express-4.17.1.tgz",
      "integrity": "sha512-RwVxKxI1kIHu9It8nXhVzHbUn4T2uOoUO2i8H4a36Od7Oi6rE6QkI1e7EqjCxs90WRn2mHzUwQ5PzH0B0a/TnA==",
      "dev": true
    },
    "cors": {
      "version": "2.8.5",
      "resolved": "https://registry.npmjs.org/cors/-/cors-2.8.5.tgz",
      "integrity": "sha512-yK4yXLJr3EYgUOeM/I0Dx5f0IVkIFybNK7vL0sE2HSs6M8i6KwW6dpydTqftb8+cjkIB0J6eFQsB9Wb1URqj5Q==",
      "dev": true
    },
    "dotenv": {
      "version": "10.0.0",
      "resolved": "https://registry.npmjs.org/dotenv/-/dotenv-10.0.0.tgz",
      "integrity": "sha512-6M1S2dztNedBq7yPLWjAVPe5L5M0zL24BbTSzFn3J9pA8P+2lHk65g6c+lfx7yM9XFFmi7e/XvT3tU43DxhwQ==",
      "dev": true
    }
  }
}
